<?xml version="1.0" encoding="utf-8"?>
<Project ToolsVersion="4.0" xmlns="http://schemas.microsoft.com/developer/msbuild/2003">
  <ItemGroup>
    <Filter Include="Source Files">
      <UniqueIdentifier>{4FC737F1-C7A5-4376-A066-2A32D752A2FF}</UniqueIdentifier>
      <Extensions>cpp;c;cc;cxx;def;odl;idl;hpj;bat;asm;asmx</Extensions>
    </Filter>
    <Filter Include="Header Files">
      <UniqueIdentifier>{93995380-89BD-4b04-88EB-625FBE52EBFB}</UniqueIdentifier>
      <Extensions>h;hpp;hxx;hm;inl;inc;xsd</Extensions>
    </Filter>
    <Filter Include="Resource Files">
      <UniqueIdentifier>{67DA6AB6-F800-4c08-8B7A-83BB121AAD01}</UniqueIdentifier>
      <Extensions>rc;ico;cur;bmp;dlg;rc2;rct;bin;rgs;gif;jpg;jpeg;jpe;resx;tiff;tif;png;wav</Extensions>
    </Filter>
  </ItemGroup>
  <ItemGroup>
    <ClCompile Include="BackPropagation.cpp">
      <Filter>Source Files</Filter>
    </ClCompile>
    <ClCompile Include="..\Common\Exceptions\BasicException.cpp">
      <Filter>Source Files</Filter>
    </ClCompile>
    <ClCompile Include="..\Common\ComboBox\combobox.cpp">
      <Filter>Source Files</Filter>
    </ClCompile>
    <ClCompile Include="ComboOutput.cpp">
      <Filter>Source Files</Filter>
    </ClCompile>
    <ClCompile Include="Connection.cpp">
      <Filter>Source Files</Filter>
    </ClCompile>
    <ClCompile Include="CtrlCientificNumber.cpp">
      <Filter>Source Files</Filter>
    </ClCompile>
    <ClCompile Include="CtrlFilebox.cpp">
      <Filter>Source Files</Filter>
    </ClCompile>
    <ClCompile Include="CtrlGraphic.cpp">
      <Filter>Source Files</Filter>
    </ClCompile>
    <ClCompile Include="CtrlMBPTopology.cpp">
      <Filter>Source Files</Filter>
    </ClCompile>
    <ClCompile Include="CtrlUnsignedEdit.cpp">
      <Filter>Source Files</Filter>
    </ClCompile>
    <ClCompile Include="GenerateCCodeDialog.cpp">
      <Filter>Source Files</Filter>
    </ClCompile>
    <ClCompile Include="GridDialog.cpp">
      <Filter>Source Files</Filter>
    </ClCompile>
    <ClCompile Include="LearningMomentumDialog.cpp">
      <Filter>Source Files</Filter>
    </ClCompile>
    <ClCompile Include="LoadNetworkDialog.cpp">
      <Filter>Source Files</Filter>
    </ClCompile>
    <ClCompile Include="LoadSaveDialog.cpp">
      <Filter>Source Files</Filter>
    </ClCompile>
    <ClCompile Include="LoadWeightsDialog.cpp">
      <Filter>Source Files</Filter>
    </ClCompile>
    <ClCompile Include="MBackProp.cpp">
      <Filter>Source Files</Filter>
    </ClCompile>
    <ClCompile Include="MBackPropDlg.cpp">
      <Filter>Source Files</Filter>
    </ClCompile>
    <ClCompile Include="MBPTopologyCtrl.cpp">
      <Filter>Source Files</Filter>
    </ClCompile>
    <ClCompile Include="MultipleBackPropagation.cpp">
      <Filter>Source Files</Filter>
    </ClCompile>
    <ClCompile Include="Neuron.cpp">
      <Filter>Source Files</Filter>
    </ClCompile>
    <ClCompile Include="RandWeightsDialog.cpp">
      <Filter>Source Files</Filter>
    </ClCompile>
    <ClCompile Include="SaveNetworkDialog.cpp">
      <Filter>Source Files</Filter>
    </ClCompile>
    <ClCompile Include="SaveWeightsDialog.cpp">
      <Filter>Source Files</Filter>
    </ClCompile>
    <ClCompile Include="SensitivityDialog.cpp">
      <Filter>Source Files</Filter>
    </ClCompile>
    <ClCompile Include="stdafx.cpp">
      <Filter>Source Files</Filter>
    </ClCompile>
    <ClCompile Include="..\Common\Files\VariablesData.cpp">
      <Filter>Source Files</Filter>
    </ClCompile>
    <ClCompile Include="WeightsDialog.cpp">
      <Filter>Source Files</Filter>
    </ClCompile>
  </ItemGroup>
  <ItemGroup>
    <None Include="res\MBackProp.ico">
      <Filter>Resource Files</Filter>
    </None>
    <None Include="res\MBackProp.rc2">
      <Filter>Resource Files</Filter>
    </None>
  </ItemGroup>
  <ItemGroup>
    <ClInclude Include="_Font.h">
      <Filter>Header Files</Filter>
    </ClInclude>
    <ClInclude Include="AditionalDefinitions.h">
      <Filter>Header Files</Filter>
    </ClInclude>
    <ClInclude Include="..\common\Pointers\Array.h">
      <Filter>Header Files</Filter>
    </ClInclude>
    <ClInclude Include="backpropagation.h">
      <Filter>Header Files</Filter>
    </ClInclude>
    <ClInclude Include="..\..\Common\Exceptions\BasicException.h">
      <Filter>Header Files</Filter>
    </ClInclude>
    <ClInclude Include="ComboOutput.h">
      <Filter>Header Files</Filter>
    </ClInclude>
    <ClInclude Include="CtrlCientificNumber.h">
      <Filter>Header Files</Filter>
    </ClInclude>
    <ClInclude Include="CtrlFilebox.h">
      <Filter>Header Files</Filter>
    </ClInclude>
    <ClInclude Include="CtrlGraphic.h">
      <Filter>Header Files</Filter>
    </ClInclude>
    <ClInclude Include="CtrlMBPTopology.h">
      <Filter>Header Files</Filter>
    </ClInclude>
    <ClInclude Include="CtrlUnsignedEdit.h">
      <Filter>Header Files</Filter>
    </ClInclude>
    <ClInclude Include="Cuda.h">
      <Filter>Header Files</Filter>
    </ClInclude>
    <ClInclude Include="..\common\Pointers\ExpandableArray.h">
      <Filter>Header Files</Filter>
    </ClInclude>
    <ClInclude Include="GenerateCCodeDialog.h">
      <Filter>Header Files</Filter>
    </ClInclude>
    <ClInclude Include="GridContainer.h">
      <Filter>Header Files</Filter>
    </ClInclude>
    <ClInclude Include="GridDialog.h">
      <Filter>Header Files</Filter>
    </ClInclude>
    <ClInclude Include="Layer.h">
      <Filter>Header Files</Filter>
    </ClInclude>
    <ClInclude Include="LearningMomentumDialog.h">
      <Filter>Header Files</Filter>
    </ClInclude>
    <ClInclude Include="LoadNetworkDialog.h">
      <Filter>Header Files</Filter>
    </ClInclude>
    <ClInclude Include="LoadSaveDialog.h">
      <Filter>Header Files</Filter>
    </ClInclude>
    <ClInclude Include="LoadWeightsDialog.h">
      <Filter>Header Files</Filter>
    </ClInclude>
    <ClInclude Include="..\common\Locale\LocaleInformation.h">
      <Filter>Header Files</Filter>
    </ClInclude>
    <ClInclude Include="MBackProp.h">
      <Filter>Header Files</Filter>
    </ClInclude>
    <ClInclude Include="MBackPropDlg.h">
      <Filter>Header Files</Filter>
    </ClInclude>
    <ClInclude Include="MBPTopologyCtrl.h">
      <Filter>Header Files</Filter>
    </ClInclude>
    <ClInclude Include="multiplebackpropagation.h">
      <Filter>Header Files</Filter>
    </ClInclude>
    <ClInclude Include="Neuron.h">
      <Filter>Header Files</Filter>
    </ClInclude>
    <ClInclude Include="RandWeightsDialog.h">
      <Filter>Header Files</Filter>
    </ClInclude>
    <ClInclude Include="Resource.h">
      <Filter>Header Files</Filter>
    </ClInclude>
    <ClInclude Include="SaveNetworkDialog.h">
      <Filter>Header Files</Filter>
    </ClInclude>
    <ClInclude Include="SaveWeightsDialog.h">
      <Filter>Header Files</Filter>
    </ClInclude>
    <ClInclude Include="SensitivityDialog.h">
      <Filter>Header Files</Filter>
    </ClInclude>
    <ClInclude Include="stdafx.h">
      <Filter>Header Files</Filter>
    </ClInclude>
    <ClInclude Include="targetver.h">
      <Filter>Header Files</Filter>
    </ClInclude>
    <ClInclude Include="Version.h">
      <Filter>Header Files</Filter>
    </ClInclude>
    <ClInclude Include="WeightsDialog.h">
      <Filter>Header Files</Filter>
    </ClInclude>
  </ItemGroup>
  <ItemGroup>
    <ResourceCompile Include="MBackProp.rc">
      <Filter>Resource Files</Filter>
    </ResourceCompile>
  </ItemGroup>
  <ItemGroup>
    <CudaCompile Include="..\common\CUDA\Cuda.cu">
      <Filter>Source Files</Filter>
    </CudaCompile>
  </ItemGroup>
</Project>